
Microsoft Visual Studio Solution File, Format Version 12.00
# Visual Studio Version 17
VisualStudioVersion = 17.7.34031.279
MinimumVisualStudioVersion = 10.0.40219.1
Project("{2150E333-8FDC-42A3-9474-1A3956D46DE8}") = "Solution Items", "Solution Items", "{5FFD0978-CA06-43C2-8749-326E4CADAF06}"
	ProjectSection(SolutionItems) = preProject
		README.md = README.md
	EndProjectSection
EndProject
Project("{FAE04EC0-301F-11D3-BF4B-00C04F79EFBC}") = "LeetCodeExercise.Core", "LeetCodeExercise.Core\LeetCodeExercise.Core.csproj", "{04CE0CA6-9C26-47C9-AC37-8C11214FB21B}"
EndProject
Project("{FAE04EC0-301F-11D3-BF4B-00C04F79EFBC}") = "LeetCodeExercise.Tests", "LeetCodeExercise.Tests\LeetCodeExercise.Tests.csproj", "{77413725-DADA-4ECA-A25C-08CF3D036734}"
EndProject
Global
	GlobalSection(SolutionConfigurationPlatforms) = preSolution
		Debug|Any CPU = Debug|Any CPU
		Release|Any CPU = Release|Any CPU
	EndGlobalSection
	GlobalSection(ProjectConfigurationPlatforms) = postSolution
		{04CE0CA6-9C26-47C9-AC37-8C11214FB21B}.Debug|Any CPU.ActiveCfg = Debug|Any CPU
		{04CE0CA6-9C26-47C9-AC37-8C11214FB21B}.Debug|Any CPU.Build.0 = Debug|Any CPU
		{04CE0CA6-9C26-47C9-AC37-8C11214FB21B}.Release|Any CPU.ActiveCfg = Release|Any CPU
		{04CE0CA6-9C26-47C9-AC37-8C11214FB21B}.Release|Any CPU.Build.0 = Release|Any CPU
		{77413725-DADA-4ECA-A25C-08CF3D036734}.Debug|Any CPU.ActiveCfg = Debug|Any CPU
		{77413725-DADA-4ECA-A25C-08CF3D036734}.Debug|Any CPU.Build.0 = Debug|Any CPU
		{77413725-DADA-4ECA-A25C-08CF3D036734}.Release|Any CPU.ActiveCfg = Release|Any CPU
		{77413725-DADA-4ECA-A25C-08CF3D036734}.Release|Any CPU.Build.0 = Release|Any CPU
	EndGlobalSection
	GlobalSection(SolutionProperties) = preSolution
		HideSolutionNode = FALSE
	EndGlobalSection
	GlobalSection(NestedProjects) = preSolution
		{04CE0CA6-9C26-47C9-AC37-8C11214FB21B} = {5FFD0978-CA06-43C2-8749-326E4CADAF06}
		{77413725-DADA-4ECA-A25C-08CF3D036734} = {5FFD0978-CA06-43C2-8749-326E4CADAF06}
	EndGlobalSection
	GlobalSection(ExtensibilityGlobals) = postSolution
		SolutionGuid = {867FCB0B-C7D7-44F3-A118-30090422F99B}
	EndGlobalSection
EndGlobal
