
Microsoft Visual Studio Solution File, Format Version 12.00
# Visual Studio Version 17
VisualStudioVersion = 17.7.34031.279
MinimumVisualStudioVersion = 10.0.40219.1
Project("{FAE04EC0-301F-11D3-BF4B-00C04F79EFBC}") = "LeetCodeExercise", "LeetCodeExercise\LeetCodeExercise.csproj", "{3E336383-FDA7-44C1-BBAF-11413F2A9AEA}"
EndProject
Project("{2150E333-8FDC-42A3-9474-1A3956D46DE8}") = "Solution Items", "Solution Items", "{5FFD0978-CA06-43C2-8749-326E4CADAF06}"
	ProjectSection(SolutionItems) = preProject
		README.md = README.md
	EndProjectSection
EndProject
Global
	GlobalSection(SolutionConfigurationPlatforms) = preSolution
		Debug|Any CPU = Debug|Any CPU
		Release|Any CPU = Release|Any CPU
	EndGlobalSection
	GlobalSection(ProjectConfigurationPlatforms) = postSolution
		{3E336383-FDA7-44C1-BBAF-11413F2A9AEA}.Debug|Any CPU.ActiveCfg = Debug|Any CPU
		{3E336383-FDA7-44C1-BBAF-11413F2A9AEA}.Debug|Any CPU.Build.0 = Debug|Any CPU
		{3E336383-FDA7-44C1-BBAF-11413F2A9AEA}.Release|Any CPU.ActiveCfg = Release|Any CPU
		{3E336383-FDA7-44C1-BBAF-11413F2A9AEA}.Release|Any CPU.Build.0 = Release|Any CPU
	EndGlobalSection
	GlobalSection(SolutionProperties) = preSolution
		HideSolutionNode = FALSE
	EndGlobalSection
	GlobalSection(ExtensibilityGlobals) = postSolution
		SolutionGuid = {867FCB0B-C7D7-44F3-A118-30090422F99B}
	EndGlobalSection
EndGlobal
